Microsoft Visual Studio Solution File, Format Version 8.00
Project("{FAE04EC0-301F-11D3-BF4B-00C04F79EFBC}") = "Sims_ClassDiagrams", "Sims_ClassDiagrams.csproj", "{89B4A336-3E5D-4CCA-A78A-6074C8C7567C}"
EndProject
Global
	GlobalSection(SolutionConfiguration) = preSolution
		ConfigName.0 = Debug
		ConfigName.1 = Release
	EndGlobalSection
	GlobalSection(ProjectDependencies) = postSolution
	EndGlobalSection
	GlobalSection(ProjectConfiguration) = postSolution
		{89B4A336-3E5D-4CCA-A78A-6074C8C7567C}.Debug.ActiveCfg = Debug|.NET
		{89B4A336-3E5D-4CCA-A78A-6074C8C7567C}.Debug.Build.0 = Debug|.NET
		{89B4A336-3E5D-4CCA-A78A-6074C8C7567C}.Release.ActiveCfg = Release|.NET
		{89B4A336-3E5D-4CCA-A78A-6074C8C7567C}.Release.Build.0 = Release|.NET
	EndGlobalSection
	GlobalSection(ExtensibilityGlobals) = postSolution
	EndGlobalSection
	GlobalSection(ExtensibilityAddIns) = postSolution
	EndGlobalSection
EndGlobal