
Microsoft Visual Studio Solution File, Format Version 12.00
# Visual Studio Version 16
VisualStudioVersion = 16.0.32602.291
MinimumVisualStudioVersion = 10.0.40219.1
Project("{FAE04EC0-301F-11D3-BF4B-00C04F79EFBC}") = "WpfApp1", "WpfApp1\WpfApp1.csproj", "{8098FE35-A1D2-4351-AF8B-BE435A7F748C}"
EndProject
Global
	GlobalSection(SolutionConfigurationPlatforms) = preSolution
		Debug|Any CPU = Debug|Any CPU
		Release|Any CPU = Release|Any CPU
	EndGlobalSection
	GlobalSection(ProjectConfigurationPlatforms) = postSolution
		{8098FE35-A1D2-4351-AF8B-BE435A7F748C}.Debug|Any CPU.ActiveCfg = Debug|Any CPU
		{8098FE35-A1D2-4351-AF8B-BE435A7F748C}.Debug|Any CPU.Build.0 = Debug|Any CPU
		{8098FE35-A1D2-4351-AF8B-BE435A7F748C}.Release|Any CPU.ActiveCfg = Release|Any CPU
		{8098FE35-A1D2-4351-AF8B-BE435A7F748C}.Release|Any CPU.Build.0 = Release|Any CPU
	EndGlobalSection
	GlobalSection(SolutionProperties) = preSolution
		HideSolutionNode = FALSE
	EndGlobalSection
	GlobalSection(ExtensibilityGlobals) = postSolution
		SolutionGuid = {D0F76DEB-4E9F-4463-AF05-38589A4B1F12}
	EndGlobalSection
EndGlobal
