Microsoft Visual Studio Solution File, Format Version 12.00
# Visual Studio Version 16
VisualStudioVersion = 16.0.32602.291
MinimumVisualStudioVersion = 10.0.40219.1
Project("{FAE04EC0-301F-11D3-BF4B-00C04F79EFBC}") = "Sims_ClassDiagrams", "Sims_ClassDiagrams.csproj", "{89B4A336-3E5D-4CCA-A78A-6074C8C7567C}"
EndProject
Global
	GlobalSection(SolutionConfigurationPlatforms) = preSolution
		Debug|Any CPU = Debug|Any CPU
		Release|Any CPU = Release|Any CPU
	EndGlobalSection
	GlobalSection(ProjectConfigurationPlatforms) = postSolution
		{89B4A336-3E5D-4CCA-A78A-6074C8C7567C}.Debug|Any CPU.ActiveCfg = Debug|Any CPU
		{89B4A336-3E5D-4CCA-A78A-6074C8C7567C}.Debug|Any CPU.Build.0 = Debug|Any CPU
		{89B4A336-3E5D-4CCA-A78A-6074C8C7567C}.Release|Any CPU.ActiveCfg = Release|Any CPU
		{89B4A336-3E5D-4CCA-A78A-6074C8C7567C}.Release|Any CPU.Build.0 = Release|Any CPU
	EndGlobalSection
	GlobalSection(SolutionProperties) = preSolution
		HideSolutionNode = FALSE
	EndGlobalSection
	GlobalSection(ExtensibilityGlobals) = postSolution
		SolutionGuid = {ECE4EE83-712E-4FF0-8D46-76BD6DCBBE0E}
	EndGlobalSection
EndGlobal
